
Microsoft Visual Studio Solution File, Format Version 12.00
# Visual Studio Version 16
VisualStudioVersion = 16.0.30320.27
MinimumVisualStudioVersion = 10.0.40219.1
Project("{FAE04EC0-301F-11D3-BF4B-00C04F79EFBC}") = "Stalkerkodolo", "Stalkerkodolo.csproj", "{4B1E4628-E052-4C95-B1C4-66D908B9E4FA}"
EndProject
Global
	GlobalSection(SolutionConfigurationPlatforms) = preSolution
		Debug|Any CPU = Debug|Any CPU
		Release|Any CPU = Release|Any CPU
	EndGlobalSection
	GlobalSection(ProjectConfigurationPlatforms) = postSolution
		{4B1E4628-E052-4C95-B1C4-66D908B9E4FA}.Debug|Any CPU.ActiveCfg = Debug|Any CPU
		{4B1E4628-E052-4C95-B1C4-66D908B9E4FA}.Debug|Any CPU.Build.0 = Debug|Any CPU
		{4B1E4628-E052-4C95-B1C4-66D908B9E4FA}.Release|Any CPU.ActiveCfg = Release|Any CPU
		{4B1E4628-E052-4C95-B1C4-66D908B9E4FA}.Release|Any CPU.Build.0 = Release|Any CPU
	EndGlobalSection
	GlobalSection(SolutionProperties) = preSolution
		HideSolutionNode = FALSE
	EndGlobalSection
	GlobalSection(ExtensibilityGlobals) = postSolution
		SolutionGuid = {E3773494-5B6A-4BC7-BD0E-F4F6FF921D28}
	EndGlobalSection
EndGlobal
